
Microsoft Visual Studio Solution File, Format Version 12.00
# Visual Studio Version 16
VisualStudioVersion = 16.0.29123.88
MinimumVisualStudioVersion = 10.0.40219.1
Project("{FAE04EC0-301F-11D3-BF4B-00C04F79EFBC}") = "BOPOSolution", "BOPOSolution\BOPOSolution.csproj", "{35DF01FD-0FE7-451C-88D8-520CF091B34A}"
EndProject
Global
	GlobalSection(SolutionConfigurationPlatforms) = preSolution
		Debug|Any CPU = Debug|Any CPU
		Release|Any CPU = Release|Any CPU
	EndGlobalSection
	GlobalSection(ProjectConfigurationPlatforms) = postSolution
		{35DF01FD-0FE7-451C-88D8-520CF091B34A}.Debug|Any CPU.ActiveCfg = Debug|Any CPU
		{35DF01FD-0FE7-451C-88D8-520CF091B34A}.Debug|Any CPU.Build.0 = Debug|Any CPU
		{35DF01FD-0FE7-451C-88D8-520CF091B34A}.Release|Any CPU.ActiveCfg = Release|Any CPU
		{35DF01FD-0FE7-451C-88D8-520CF091B34A}.Release|Any CPU.Build.0 = Release|Any CPU
	EndGlobalSection
	GlobalSection(SolutionProperties) = preSolution
		HideSolutionNode = FALSE
	EndGlobalSection
	GlobalSection(ExtensibilityGlobals) = postSolution
		SolutionGuid = {54119621-B20A-42F9-8148-62BC3ECFD1A0}
	EndGlobalSection
EndGlobal
